
Microsoft Visual Studio Solution File, Format Version 12.00
# Visual Studio Version 16
VisualStudioVersion = 16.0.31729.503
MinimumVisualStudioVersion = 10.0.40219.1
Project("{8BC9CEB8-8B4A-11D0-8D11-00A0C91BC942}") = "minitar", "minitar.vcxproj", "{79D109A5-062D-4E7E-AC5F-89BA51D79ED8}"
EndProject
Project("{8BC9CEB8-8B4A-11D0-8D11-00A0C91BC942}") = "tar32", "tar32.vcxproj", "{A2605220-C576-4A83-B1CF-2A997063137C}"
EndProject
Project("{8BC9CEB8-8B4A-11D0-8D11-00A0C91BC942}") = "liblzma", "lzma\xzutils\windows\vs2019\liblzma.vcxproj", "{12728250-16EC-4DC6-94D7-E21DD88947F8}"
EndProject
Project("{8BC9CEB8-8B4A-11D0-8D11-00A0C91BC942}") = "zlibstat", "zlib\zlibstat.vcxproj", "{745DEC58-EBB3-47A9-A9B8-4C6627C01BF8}"
EndProject
Global
	GlobalSection(SolutionConfigurationPlatforms) = preSolution
		Debug|Itanium = Debug|Itanium
		Debug|Win32 = Debug|Win32
		Debug|x64 = Debug|x64
		Release|Itanium = Release|Itanium
		Release|Win32 = Release|Win32
		Release|x64 = Release|x64
		ReleaseWithoutAsm|Itanium = ReleaseWithoutAsm|Itanium
		ReleaseWithoutAsm|Win32 = ReleaseWithoutAsm|Win32
		ReleaseWithoutAsm|x64 = ReleaseWithoutAsm|x64
	EndGlobalSection
	GlobalSection(ProjectConfigurationPlatforms) = postSolution
		{79D109A5-062D-4E7E-AC5F-89BA51D79ED8}.Debug|Itanium.ActiveCfg = Debug|Win32
		{79D109A5-062D-4E7E-AC5F-89BA51D79ED8}.Debug|Win32.ActiveCfg = Debug|Win32
		{79D109A5-062D-4E7E-AC5F-89BA51D79ED8}.Debug|Win32.Build.0 = Debug|Win32
		{79D109A5-062D-4E7E-AC5F-89BA51D79ED8}.Debug|x64.ActiveCfg = Debug|x64
		{79D109A5-062D-4E7E-AC5F-89BA51D79ED8}.Release|Itanium.ActiveCfg = Release|Win32
		{79D109A5-062D-4E7E-AC5F-89BA51D79ED8}.Release|Win32.ActiveCfg = Release|Win32
		{79D109A5-062D-4E7E-AC5F-89BA51D79ED8}.Release|Win32.Build.0 = Release|Win32
		{79D109A5-062D-4E7E-AC5F-89BA51D79ED8}.Release|x64.ActiveCfg = Release|x64
		{79D109A5-062D-4E7E-AC5F-89BA51D79ED8}.ReleaseWithoutAsm|Itanium.ActiveCfg = Debug-static|x64
		{79D109A5-062D-4E7E-AC5F-89BA51D79ED8}.ReleaseWithoutAsm|Win32.ActiveCfg = Release-static|Win32
		{79D109A5-062D-4E7E-AC5F-89BA51D79ED8}.ReleaseWithoutAsm|x64.ActiveCfg = Release-static|x64
		{A2605220-C576-4A83-B1CF-2A997063137C}.Debug|Itanium.ActiveCfg = Debug|Win32
		{A2605220-C576-4A83-B1CF-2A997063137C}.Debug|Win32.ActiveCfg = Debug|Win32
		{A2605220-C576-4A83-B1CF-2A997063137C}.Debug|Win32.Build.0 = Debug|Win32
		{A2605220-C576-4A83-B1CF-2A997063137C}.Debug|x64.ActiveCfg = Debug|x64
		{A2605220-C576-4A83-B1CF-2A997063137C}.Debug|x64.Build.0 = Debug|x64
		{A2605220-C576-4A83-B1CF-2A997063137C}.Release|Itanium.ActiveCfg = Release|Win32
		{A2605220-C576-4A83-B1CF-2A997063137C}.Release|Win32.ActiveCfg = Release|Win32
		{A2605220-C576-4A83-B1CF-2A997063137C}.Release|Win32.Build.0 = Release|Win32
		{A2605220-C576-4A83-B1CF-2A997063137C}.Release|x64.ActiveCfg = Release|x64
		{A2605220-C576-4A83-B1CF-2A997063137C}.Release|x64.Build.0 = Release|x64
		{A2605220-C576-4A83-B1CF-2A997063137C}.ReleaseWithoutAsm|Itanium.ActiveCfg = Debug-static|x64
		{A2605220-C576-4A83-B1CF-2A997063137C}.ReleaseWithoutAsm|Itanium.Build.0 = Debug-static|x64
		{A2605220-C576-4A83-B1CF-2A997063137C}.ReleaseWithoutAsm|Win32.ActiveCfg = Release-static|Win32
		{A2605220-C576-4A83-B1CF-2A997063137C}.ReleaseWithoutAsm|Win32.Build.0 = Release-static|Win32
		{A2605220-C576-4A83-B1CF-2A997063137C}.ReleaseWithoutAsm|x64.ActiveCfg = Release-static|x64
		{A2605220-C576-4A83-B1CF-2A997063137C}.ReleaseWithoutAsm|x64.Build.0 = Release-static|x64
		{12728250-16EC-4DC6-94D7-E21DD88947F8}.Debug|Itanium.ActiveCfg = Debug|Win32
		{12728250-16EC-4DC6-94D7-E21DD88947F8}.Debug|Win32.ActiveCfg = Debug|Win32
		{12728250-16EC-4DC6-94D7-E21DD88947F8}.Debug|Win32.Build.0 = Debug|Win32
		{12728250-16EC-4DC6-94D7-E21DD88947F8}.Debug|x64.ActiveCfg = Debug|x64
		{12728250-16EC-4DC6-94D7-E21DD88947F8}.Debug|x64.Build.0 = Debug|x64
		{12728250-16EC-4DC6-94D7-E21DD88947F8}.Release|Itanium.ActiveCfg = Release|Win32
		{12728250-16EC-4DC6-94D7-E21DD88947F8}.Release|Win32.ActiveCfg = ReleaseMT|Win32
		{12728250-16EC-4DC6-94D7-E21DD88947F8}.Release|Win32.Build.0 = ReleaseMT|Win32
		{12728250-16EC-4DC6-94D7-E21DD88947F8}.Release|x64.ActiveCfg = Release|x64
		{12728250-16EC-4DC6-94D7-E21DD88947F8}.Release|x64.Build.0 = Release|x64
		{12728250-16EC-4DC6-94D7-E21DD88947F8}.ReleaseWithoutAsm|Itanium.ActiveCfg = Debug|Win32
		{12728250-16EC-4DC6-94D7-E21DD88947F8}.ReleaseWithoutAsm|Itanium.Build.0 = Debug|Win32
		{12728250-16EC-4DC6-94D7-E21DD88947F8}.ReleaseWithoutAsm|Win32.ActiveCfg = Release|Win32
		{12728250-16EC-4DC6-94D7-E21DD88947F8}.ReleaseWithoutAsm|Win32.Build.0 = Release|Win32
		{12728250-16EC-4DC6-94D7-E21DD88947F8}.ReleaseWithoutAsm|x64.ActiveCfg = Release|x64
		{12728250-16EC-4DC6-94D7-E21DD88947F8}.ReleaseWithoutAsm|x64.Build.0 = Release|x64
		{745DEC58-EBB3-47A9-A9B8-4C6627C01BF8}.Debug|Itanium.ActiveCfg = Debug|Itanium
		{745DEC58-EBB3-47A9-A9B8-4C6627C01BF8}.Debug|Itanium.Build.0 = Debug|Itanium
		{745DEC58-EBB3-47A9-A9B8-4C6627C01BF8}.Debug|Win32.ActiveCfg = Debug|Win32
		{745DEC58-EBB3-47A9-A9B8-4C6627C01BF8}.Debug|Win32.Build.0 = Debug|Win32
		{745DEC58-EBB3-47A9-A9B8-4C6627C01BF8}.Debug|x64.ActiveCfg = Debug|x64
		{745DEC58-EBB3-47A9-A9B8-4C6627C01BF8}.Debug|x64.Build.0 = Debug|x64
		{745DEC58-EBB3-47A9-A9B8-4C6627C01BF8}.Release|Itanium.ActiveCfg = Release|Itanium
		{745DEC58-EBB3-47A9-A9B8-4C6627C01BF8}.Release|Itanium.Build.0 = Release|Itanium
		{745DEC58-EBB3-47A9-A9B8-4C6627C01BF8}.Release|Win32.ActiveCfg = ReleaseWithoutAsm|Win32
		{745DEC58-EBB3-47A9-A9B8-4C6627C01BF8}.Release|Win32.Build.0 = ReleaseWithoutAsm|Win32
		{745DEC58-EBB3-47A9-A9B8-4C6627C01BF8}.Release|x64.ActiveCfg = Release|x64
		{745DEC58-EBB3-47A9-A9B8-4C6627C01BF8}.Release|x64.Build.0 = Release|x64
		{745DEC58-EBB3-47A9-A9B8-4C6627C01BF8}.ReleaseWithoutAsm|Itanium.ActiveCfg = ReleaseWithoutAsm|Itanium
		{745DEC58-EBB3-47A9-A9B8-4C6627C01BF8}.ReleaseWithoutAsm|Itanium.Build.0 = ReleaseWithoutAsm|Itanium
		{745DEC58-EBB3-47A9-A9B8-4C6627C01BF8}.ReleaseWithoutAsm|Win32.ActiveCfg = ReleaseWithoutAsm|Win32
		{745DEC58-EBB3-47A9-A9B8-4C6627C01BF8}.ReleaseWithoutAsm|Win32.Build.0 = ReleaseWithoutAsm|Win32
		{745DEC58-EBB3-47A9-A9B8-4C6627C01BF8}.ReleaseWithoutAsm|x64.ActiveCfg = ReleaseWithoutAsm|x64
		{745DEC58-EBB3-47A9-A9B8-4C6627C01BF8}.ReleaseWithoutAsm|x64.Build.0 = ReleaseWithoutAsm|x64
	EndGlobalSection
	GlobalSection(SolutionProperties) = preSolution
		HideSolutionNode = FALSE
	EndGlobalSection
	GlobalSection(ExtensibilityGlobals) = postSolution
		SolutionGuid = {75F746A7-5F94-442E-B00B-6268DB4C94CD}
	EndGlobalSection
EndGlobal
