<?xml version="1.0" encoding="utf-8"?>
<Project ToolsVersion="4.0" xmlns="http://schemas.microsoft.com/developer/msbuild/2003">
  <ItemGroup>
    <Filter Include="Source Files">
      <UniqueIdentifier>{82608325-e15a-4667-845b-64e7e2a66e5f}</UniqueIdentifier>
      <Extensions>cpp;c;cxx;rc;def;r;odl;idl;hpj;bat</Extensions>
    </Filter>
    <Filter Include="Header Files">
      <UniqueIdentifier>{0a49e36f-fbf5-4eaa-bcb3-d502c109907b}</UniqueIdentifier>
      <Extensions>h;hpp;hxx;hm;inl</Extensions>
    </Filter>
    <Filter Include="Resource Files">
      <UniqueIdentifier>{d1c03615-f780-45aa-852a-391c35972e2f}</UniqueIdentifier>
      <Extensions>ico;cur;bmp;dlg;rc2;rct;bin;rgs;gif;jpg;jpeg;jpe</Extensions>
    </Filter>
    <Filter Include="libbz2">
      <UniqueIdentifier>{da213b5d-4dac-4387-b3dd-272b4e8e940d}</UniqueIdentifier>
    </Filter>
    <Filter Include="lzma">
      <UniqueIdentifier>{9982870c-862d-4f34-b26a-4c580e3f5706}</UniqueIdentifier>
    </Filter>
  </ItemGroup>
  <ItemGroup>
    <ClCompile Include="arcbz2.cpp">
      <Filter>Source Files</Filter>
    </ClCompile>
    <ClCompile Include="arcfile.cpp">
      <Filter>Source Files</Filter>
    </ClCompile>
    <ClCompile Include="arcgz.cpp">
      <Filter>Source Files</Filter>
    </ClCompile>
    <ClCompile Include="arclzma.cpp">
      <Filter>Source Files</Filter>
    </ClCompile>
    <ClCompile Include="arcz.cpp">
      <Filter>Source Files</Filter>
    </ClCompile>
    <ClCompile Include="Cmdline.cpp">
      <Filter>Source Files</Filter>
    </ClCompile>
    <ClCompile Include="dlg.cpp">
      <Filter>Source Files</Filter>
    </ClCompile>
    <ClCompile Include="normal.cpp">
      <Filter>Source Files</Filter>
    </ClCompile>
    <ClCompile Include="rpm.cpp">
      <Filter>Source Files</Filter>
    </ClCompile>
    <ClCompile Include="stdafx.cpp">
      <Filter>Source Files</Filter>
    </ClCompile>
    <ClCompile Include="susie.cpp">
      <Filter>Source Files</Filter>
    </ClCompile>
    <ClCompile Include="tar32.cpp">
      <Filter>Source Files</Filter>
    </ClCompile>
    <ClCompile Include="tar32api.cpp">
      <Filter>Source Files</Filter>
    </ClCompile>
    <ClCompile Include="tar32dll.cpp">
      <Filter>Source Files</Filter>
    </ClCompile>
    <ClCompile Include="tarcmd.cpp">
      <Filter>Source Files</Filter>
    </ClCompile>
    <ClCompile Include="util.cpp">
      <Filter>Source Files</Filter>
    </ClCompile>
    <ClCompile Include="arczstd.cpp">
      <Filter>Source Files</Filter>
    </ClCompile>
  </ItemGroup>
  <ItemGroup>
    <ClInclude Include="ar.h">
      <Filter>Header Files</Filter>
    </ClInclude>
    <ClInclude Include="arcbz2.h">
      <Filter>Header Files</Filter>
    </ClInclude>
    <ClInclude Include="arcfile.h">
      <Filter>Header Files</Filter>
    </ClInclude>
    <ClInclude Include="arcgz.h">
      <Filter>Header Files</Filter>
    </ClInclude>
    <ClInclude Include="arclzma.h">
      <Filter>Header Files</Filter>
    </ClInclude>
    <ClInclude Include="arcz.h">
      <Filter>Header Files</Filter>
    </ClInclude>
    <ClInclude Include="Cmdline.h">
      <Filter>Header Files</Filter>
    </ClInclude>
    <ClInclude Include="config.h">
      <Filter>Header Files</Filter>
    </ClInclude>
    <ClInclude Include="cpio.h">
      <Filter>Header Files</Filter>
    </ClInclude>
    <ClInclude Include="dlg.h">
      <Filter>Header Files</Filter>
    </ClInclude>
    <ClInclude Include="normal.h">
      <Filter>Header Files</Filter>
    </ClInclude>
    <ClInclude Include="rpm.h">
      <Filter>Header Files</Filter>
    </ClInclude>
    <ClInclude Include="stdafx.h">
      <Filter>Header Files</Filter>
    </ClInclude>
    <ClInclude Include="Tar.h">
      <Filter>Header Files</Filter>
    </ClInclude>
    <ClInclude Include="tar32.h">
      <Filter>Header Files</Filter>
    </ClInclude>
    <ClInclude Include="tar32api.h">
      <Filter>Header Files</Filter>
    </ClInclude>
    <ClInclude Include="tar32dll.h">
      <Filter>Header Files</Filter>
    </ClInclude>
    <ClInclude Include="tar32res.h">
      <Filter>Header Files</Filter>
    </ClInclude>
    <ClInclude Include="tarcmd.h">
      <Filter>Header Files</Filter>
    </ClInclude>
    <ClInclude Include="util.h">
      <Filter>Header Files</Filter>
    </ClInclude>
    <ClInclude Include="bzip2\bzlib.h">
      <Filter>libbz2</Filter>
    </ClInclude>
    <ClInclude Include="lzma\lzma.h">
      <Filter>lzma</Filter>
    </ClInclude>
    <ClInclude Include="fast_stl.h">
      <Filter>Header Files</Filter>
    </ClInclude>
    <ClInclude Include="arczstd.h">
      <Filter>Header Files</Filter>
    </ClInclude>
  </ItemGroup>
  <ItemGroup>
    <None Include="Tar32.def">
      <Filter>Resource Files</Filter>
    </None>
  </ItemGroup>
  <ItemGroup>
    <ResourceCompile Include="tar32.rc">
      <Filter>Resource Files</Filter>
    </ResourceCompile>
  </ItemGroup>
</Project>